
Microsoft Visual Studio Solution File, Format Version 12.00
# Visual Studio Version 17
VisualStudioVersion = 17.10.35013.160
MinimumVisualStudioVersion = 10.0.40219.1
Project("{FAE04EC0-301F-11D3-BF4B-00C04F79EFBC}") = "GraphQLSample", "GraphQLSample.csproj", "{5781F297-D578-4909-B383-78889ED029FB}"
EndProject
Global
	GlobalSection(SolutionConfigurationPlatforms) = preSolution
		Debug|Any CPU = Debug|Any CPU
		Release|Any CPU = Release|Any CPU
	EndGlobalSection
	GlobalSection(ProjectConfigurationPlatforms) = postSolution
		{5781F297-D578-4909-B383-78889ED029FB}.Debug|Any CPU.ActiveCfg = Debug|Any CPU
		{5781F297-D578-4909-B383-78889ED029FB}.Debug|Any CPU.Build.0 = Debug|Any CPU
		{5781F297-D578-4909-B383-78889ED029FB}.Release|Any CPU.ActiveCfg = Release|Any CPU
		{5781F297-D578-4909-B383-78889ED029FB}.Release|Any CPU.Build.0 = Release|Any CPU
	EndGlobalSection
	GlobalSection(SolutionProperties) = preSolution
		HideSolutionNode = FALSE
	EndGlobalSection
	GlobalSection(ExtensibilityGlobals) = postSolution
		SolutionGuid = {C78FA17A-A8FC-4E6C-85E9-4EB617D7AD94}
	EndGlobalSection
EndGlobal
